{
  "originHash" : "13da39cf297fb87d913f78b49d150eb67849655a1977e05c43414e8ff472d2a5",
  "pins" : [
    {
      "identity" : "fitscore",
      "kind" : "remoteSourceControl",
      "location" : "https://github.com/samf/fitscore.git",
      "state" : {
        "revision" : "84c8d48a5968bc14ac49d593a3302e103493bdab"
      }
    },
    {
      "identity" : "swift-argument-parser",
      "kind" : "remoteSourceControl",
      "location" : "https://github.com/apple/swift-argument-parser",
      "state" : {
        "revision" : "6a52f3251125d74daf04fcbd5e6f08a75d074382",
        "version" : "1.8.2"
      }
    },
    {
      "identity" : "swift-numerics",
      "kind" : "remoteSourceControl",
      "location" : "https://github.com/apple/swift-numerics",
      "state" : {
        "revision" : "6583ac70c326c3ee080c1d42d9ca3361dca816cd",
        "version" : "0.1.0"
      }
    }
  ],
  "version" : 3
}
