{
  "pins" : [
    {
      "identity" : "fitscore",
      "kind" : "remoteSourceControl",
      "location" : "https://github.com/samf/fitscore.git",
      "state" : {
        "revision" : "84c8d48a5968bc14ac49d593a3302e103493bdab"
      }
    },
    {
      "identity" : "swift-numerics",
      "kind" : "remoteSourceControl",
      "location" : "https://github.com/apple/swift-numerics",
      "state" : {
        "revision" : "6583ac70c326c3ee080c1d42d9ca3361dca816cd",
        "version" : "0.1.0"
      }
    }
  ],
  "version" : 2
}
